// !$*UTF8*$!
{
	archiveVersion = 1;
	classes = {
	};
	objectVersion = 46;
	objects = {

/* Begin PBXBuildFile section */
		81EC2EA91EADF0E600FEA837 /* main.m in Sources */ = {isa = PBXBuildFile; fileRef = 81EC2EA81EADF0E600FEA837 /* main.m */; };
		81EC2EAC1EADF0E600FEA837 /* AppDelegate.m in Sources */ = {isa = PBXBuildFile; fileRef = 81EC2EAB1EADF0E600FEA837 /* AppDelegate.m */; };
		81EC2EAF1EADF0E600FEA837 /* ViewController.m in Sources */ = {isa = PBXBuildFile; fileRef = 81EC2EAE1EADF0E600FEA837 /* ViewController.m */; };
		81EC2EB21EADF0E700FEA837 /* Main.storyboard in Resources */ = {isa = PBXBuildFile; fileRef = 81EC2EB01EADF0E700FEA837 /* Main.storyboard */; };
		81EC2EB41EADF0E700FEA837 /* Assets.xcassets in Resources */ = {isa = PBXBuildFile; fileRef = 81EC2EB31EADF0E700FEA837 /* Assets.xcassets */; };
		81EC2EB71EADF0E700FEA837 /* LaunchScreen.storyboard in Resources */ = {isa = PBXBuildFile; fileRef = 81EC2EB51EADF0E700FEA837 /* LaunchScreen.storyboard */; };
		81EC2EC21EADF0E700FEA837 /* SFJFastChosePhotoDemoTests.m in Sources */ = {isa = PBXBuildFile; fileRef = 81EC2EC11EADF0E700FEA837 /* SFJFastChosePhotoDemoTests.m */; };
		81EC2ECD1EADF0E700FEA837 /* SFJFastChosePhotoDemoUITests.m in Sources */ = {isa = PBXBuildFile; fileRef = 81EC2ECC1EADF0E700FEA837 /* SFJFastChosePhotoDemoUITests.m */; };
		81EC2EDF1EADF8D700FEA837 /* SFJPhotoTool.m in Sources */ = {isa = PBXBuildFile; fileRef = 81EC2EDE1EADF8D700FEA837 /* SFJPhotoTool.m */; };
/* End PBXBuildFile section */

/* Begin PBXContainerItemProxy section */
		81EC2EBE1EADF0E700FEA837 /* PBXContainerItemProxy */ = {
			isa = PBXContainerItemProxy;
			containerPortal = 81EC2E9C1EADF0E600FEA837 /* Project object */;
			proxyType = 1;
			remoteGlobalIDString = 81EC2EA31EADF0E600FEA837;
			remoteInfo = SFJFastChosePhotoDemo;
		};
		81EC2EC91EADF0E700FEA837 /* PBXContainerItemProxy */ = {
			isa = PBXContainerItemProxy;
			containerPortal = 81EC2E9C1EADF0E600FEA837 /* Project object */;
			proxyType = 1;
			remoteGlobalIDString = 81EC2EA31EADF0E600FEA837;
			remoteInfo = SFJFastChosePhotoDemo;
		};
/* End PBXContainerItemProxy section */

/* Begin PBXFileReference section */
		81EC2EA41EADF0E600FEA837 /* SFJFastChosePhotoDemo.app */ = {isa = PBXFileReference; explicitFileType = wrapper.application; includeInIndex = 0; path = SFJFastChosePhotoDemo.app; sourceTree = BUILT_PRODUCTS_DIR; };
		81EC2EA81EADF0E600FEA837 /* main.m */ = {isa = PBXFileReference; lastKnownFileType = sourcecode.c.objc; path = main.m; sourceTree = "<group>"; };
		81EC2EAA1EADF0E600FEA837 /* AppDelegate.h */ = {isa = PBXFileReference; lastKnownFileType = sourcecode.c.h; path = AppDelegate.h; sourceTree = "<group>"; };
		81EC2EAB1EADF0E600FEA837 /* AppDelegate.m */ = {isa = PBXFileReference; lastKnownFileType = sourcecode.c.objc; path = AppDelegate.m; sourceTree = "<group>"; };
		81EC2EAD1EADF0E600FEA837 /* ViewController.h */ = {isa = PBXFileReference; lastKnownFileType = sourcecode.c.h; path = ViewController.h; sourceTree = "<group>"; };
		81EC2EAE1EADF0E600FEA837 /* ViewController.m */ = {isa = PBXFileReference; lastKnownFileType = sourcecode.c.objc; path = ViewController.m; sourceTree = "<group>"; };
		81EC2EB11EADF0E700FEA837 /* Base */ = {isa = PBXFileReference; lastKnownFileType = file.storyboard; name = Base; path = Base.lproj/Main.storyboard; sourceTree = "<group>"; };
		81EC2EB31EADF0E700FEA837 /* Assets.xcassets */ = {isa = PBXFileReference; lastKnownFileType = folder.assetcatalog; path = Assets.xcassets; sourceTree = "<group>"; };
		81EC2EB61EADF0E700FEA837 /* Base */ = {isa = PBXFileReference; lastKnownFileType = file.storyboard; name = Base; path = Base.lproj/LaunchScreen.storyboard; sourceTree = "<group>"; };
		81EC2EB81EADF0E700FEA837 /* Info.plist */ = {isa = PBXFileReference; lastKnownFileType = text.plist.xml; path = Info.plist; sourceTree = "<group>"; };
		81EC2EBD1EADF0E700FEA837 /* SFJFastChosePhotoDemoTests.xctest */ = {isa = PBXFileReference; explicitFileType = wrapper.cfbundle; includeInIndex = 0; path = SFJFastChosePhotoDemoTests.xctest; sourceTree = BUILT_PRODUCTS_DIR; };
		81EC2EC11EADF0E700FEA837 /* SFJFastChosePhotoDemoTests.m */ = {isa = PBXFileReference; lastKnownFileType = sourcecode.c.objc; path = SFJFastChosePhotoDemoTests.m; sourceTree = "<group>"; };
		81EC2EC31EADF0E700FEA837 /* Info.plist */ = {isa = PBXFileReference; lastKnownFileType = text.plist.xml; path = Info.plist; sourceTree = "<group>"; };
		81EC2EC81EADF0E700FEA837 /* SFJFastChosePhotoDemoUITests.xctest */ = {isa = PBXFileReference; explicitFileType = wrapper.cfbundle; includeInIndex = 0; path = SFJFastChosePhotoDemoUITests.xctest; sourceTree = BUILT_PRODUCTS_DIR; };
		81EC2ECC1EADF0E700FEA837 /* SFJFastChosePhotoDemoUITests.m */ = {isa = PBXFileReference; lastKnownFileType = sourcecode.c.objc; path = SFJFastChosePhotoDemoUITests.m; sourceTree = "<group>"; };
		81EC2ECE1EADF0E700FEA837 /* Info.plist */ = {isa = PBXFileReference; lastKnownFileType = text.plist.xml; path = Info.plist; sourceTree = "<group>"; };
		81EC2EDD1EADF8D700FEA837 /* SFJPhotoTool.h */ = {isa = PBXFileReference; fileEncoding = 4; lastKnownFileType = sourcecode.c.h; path = SFJPhotoTool.h; sourceTree = "<group>"; };
		81EC2EDE1EADF8D700FEA837 /* SFJPhotoTool.m */ = {isa = PBXFileReference; fileEncoding = 4; lastKnownFileType = sourcecode.c.objc; path = SFJPhotoTool.m; sourceTree = "<group>"; };
/* End PBXFileReference section */

/* Begin PBXFrameworksBuildPhase section */
		81EC2EA11EADF0E600FEA837 /* Frameworks */ = {
			isa = PBXFrameworksBuildPhase;
			buildActionMask = 2147483647;
			files = (
			);
			runOnlyForDeploymentPostprocessing = 0;
		};
		81EC2EBA1EADF0E700FEA837 /* Frameworks */ = {
			isa = PBXFrameworksBuildPhase;
			buildActionMask = 2147483647;
			files = (
			);
			runOnlyForDeploymentPostprocessing = 0;
		};
		81EC2EC51EADF0E700FEA837 /* Frameworks */ = {
			isa = PBXFrameworksBuildPhase;
			buildActionMask = 2147483647;
			files = (
			);
			runOnlyForDeploymentPostprocessing = 0;
		};
/* End PBXFrameworksBuildPhase section */

/* Begin PBXGroup section */
		81EC2E9B1EADF0E600FEA837 = {
			isa = PBXGroup;
			children = (
				81EC2EA61EADF0E600FEA837 /* SFJFastChosePhotoDemo */,
				81EC2EC01EADF0E700FEA837 /* SFJFastChosePhotoDemoTests */,
				81EC2ECB1EADF0E700FEA837 /* SFJFastChosePhotoDemoUITests */,
				81EC2EA51EADF0E600FEA837 /* Products */,
			);
			sourceTree = "<group>";
		};
		81EC2EA51EADF0E600FEA837 /* Products */ = {
			isa = PBXGroup;
			children = (
				81EC2EA41EADF0E600FEA837 /* SFJFastChosePhotoDemo.app */,
				81EC2EBD1EADF0E700FEA837 /* SFJFastChosePhotoDemoTests.xctest */,
				81EC2EC81EADF0E700FEA837 /* SFJFastChosePhotoDemoUITests.xctest */,
			);
			name = Products;
			sourceTree = "<group>";
		};
		81EC2EA61EADF0E600FEA837 /* SFJFastChosePhotoDemo */ = {
			isa = PBXGroup;
			children = (
				81EC2EAA1EADF0E600FEA837 /* AppDelegate.h */,
				81EC2EAB1EADF0E600FEA837 /* AppDelegate.m */,
				81EC2EAD1EADF0E600FEA837 /* ViewController.h */,
				81EC2EAE1EADF0E600FEA837 /* ViewController.m */,
				81EC2EDD1EADF8D700FEA837 /* SFJPhotoTool.h */,
				81EC2EDE1EADF8D700FEA837 /* SFJPhotoTool.m */,
				81EC2EB01EADF0E700FEA837 /* Main.storyboard */,
				81EC2EB31EADF0E700FEA837 /* Assets.xcassets */,
				81EC2EB51EADF0E700FEA837 /* LaunchScreen.storyboard */,
				81EC2EB81EADF0E700FEA837 /* Info.plist */,
				81EC2EA71EADF0E600FEA837 /* Supporting Files */,
			);
			path = SFJFastChosePhotoDemo;
			sourceTree = "<group>";
		};
		81EC2EA71EADF0E600FEA837 /* Supporting Files */ = {
			isa = PBXGroup;
			children = (
				81EC2EA81EADF0E600FEA837 /* main.m */,
			);
			name = "Supporting Files";
			sourceTree = "<group>";
		};
		81EC2EC01EADF0E700FEA837 /* SFJFastChosePhotoDemoTests */ = {
			isa = PBXGroup;
			children = (
				81EC2EC11EADF0E700FEA837 /* SFJFastChosePhotoDemoTests.m */,
				81EC2EC31EADF0E700FEA837 /* Info.plist */,
			);
			path = SFJFastChosePhotoDemoTests;
			sourceTree = "<group>";
		};
		81EC2ECB1EADF0E700FEA837 /* SFJFastChosePhotoDemoUITests */ = {
			isa = PBXGroup;
			children = (
				81EC2ECC1EADF0E700FEA837 /* SFJFastChosePhotoDemoUITests.m */,
				81EC2ECE1EADF0E700FEA837 /* Info.plist */,
			);
			path = SFJFastChosePhotoDemoUITests;
			sourceTree = "<group>";
		};
/* End PBXGroup section */

/* Begin PBXNativeTarget section */
		81EC2EA31EADF0E600FEA837 /* SFJFastChosePhotoDemo */ = {
			isa = PBXNativeTarget;
			buildConfigurationList = 81EC2ED11EADF0E700FEA837 /* Build configuration list for PBXNativeTarget "SFJFastChosePhotoDemo" */;
			buildPhases = (
				81EC2EA01EADF0E600FEA837 /* Sources */,
				81EC2EA11EADF0E600FEA837 /* Frameworks */,
				81EC2EA21EADF0E600FEA837 /* Resources */,
			);
			buildRules = (
			);
			dependencies = (
			);
			name = SFJFastChosePhotoDemo;
			productName = SFJFastChosePhotoDemo;
			productReference = 81EC2EA41EADF0E600FEA837 /* SFJFastChosePhotoDemo.app */;
			productType = "com.apple.product-type.application";
		};
		81EC2EBC1EADF0E700FEA837 /* SFJFastChosePhotoDemoTests */ = {
			isa = PBXNativeTarget;
			buildConfigurationList = 81EC2ED41EADF0E700FEA837 /* Build configuration list for PBXNativeTarget "SFJFastChosePhotoDemoTests" */;
			buildPhases = (
				81EC2EB91EADF0E700FEA837 /* Sources */,
				81EC2EBA1EADF0E700FEA837 /* Frameworks */,
				81EC2EBB1EADF0E700FEA837 /* Resources */,
			);
			buildRules = (
			);
			dependencies = (
				81EC2EBF1EADF0E700FEA837 /* PBXTargetDependency */,
			);
			name = SFJFastChosePhotoDemoTests;
			productName = SFJFastChosePhotoDemoTests;
			productReference = 81EC2EBD1EADF0E700FEA837 /* SFJFastChosePhotoDemoTests.xctest */;
			productType = "com.apple.product-type.bundle.unit-test";
		};
		81EC2EC71EADF0E700FEA837 /* SFJFastChosePhotoDemoUITests */ = {
			isa = PBXNativeTarget;
			buildConfigurationList = 81EC2ED71EADF0E700FEA837 /* Build configuration list for PBXNativeTarget "SFJFastChosePhotoDemoUITests" */;
			buildPhases = (
				81EC2EC41EADF0E700FEA837 /* Sources */,
				81EC2EC51EADF0E700FEA837 /* Frameworks */,
				81EC2EC61EADF0E700FEA837 /* Resources */,
			);
			buildRules = (
			);
			dependencies = (
				81EC2ECA1EADF0E700FEA837 /* PBXTargetDependency */,
			);
			name = SFJFastChosePhotoDemoUITests;
			productName = SFJFastChosePhotoDemoUITests;
			productReference = 81EC2EC81EADF0E700FEA837 /* SFJFastChosePhotoDemoUITests.xctest */;
			productType = "com.apple.product-type.bundle.ui-testing";
		};
/* End PBXNativeTarget section */

/* Begin PBXProject section */
		81EC2E9C1EADF0E600FEA837 /* Project object */ = {
			isa = PBXProject;
			attributes = {
				LastUpgradeCheck = 0830;
				ORGANIZATIONNAME = "沙缚柩";
				TargetAttributes = {
					81EC2EA31EADF0E600FEA837 = {
						CreatedOnToolsVersion = 8.3.1;
						DevelopmentTeam = Q2Z69VY84R;
						ProvisioningStyle = Automatic;
					};
					81EC2EBC1EADF0E700FEA837 = {
						CreatedOnToolsVersion = 8.3.1;
						DevelopmentTeam = 84NY46NBXF;
						ProvisioningStyle = Automatic;
						TestTargetID = 81EC2EA31EADF0E600FEA837;
					};
					81EC2EC71EADF0E700FEA837 = {
						CreatedOnToolsVersion = 8.3.1;
						DevelopmentTeam = 84NY46NBXF;
						ProvisioningStyle = Automatic;
						TestTargetID = 81EC2EA31EADF0E600FEA837;
					};
				};
			};
			buildConfigurationList = 81EC2E9F1EADF0E600FEA837 /* Build configuration list for PBXProject "SFJFastChosePhotoDemo" */;
			compatibilityVersion = "Xcode 3.2";
			developmentRegion = English;
			hasScannedForEncodings = 0;
			knownRegions = (
				en,
				Base,
			);
			mainGroup = 81EC2E9B1EADF0E600FEA837;
			productRefGroup = 81EC2EA51EADF0E600FEA837 /* Products */;
			projectDirPath = "";
			projectRoot = "";
			targets = (
				81EC2EA31EADF0E600FEA837 /* SFJFastChosePhotoDemo */,
				81EC2EBC1EADF0E700FEA837 /* SFJFastChosePhotoDemoTests */,
				81EC2EC71EADF0E700FEA837 /* SFJFastChosePhotoDemoUITests */,
			);
		};
/* End PBXProject section */

/* Begin PBXResourcesBuildPhase section */
		81EC2EA21EADF0E600FEA837 /* Resources */ = {
			isa = PBXResourcesBuildPhase;
			buildActionMask = 2147483647;
			files = (
				81EC2EB71EADF0E700FEA837 /* LaunchScreen.storyboard in Resources */,
				81EC2EB41EADF0E700FEA837 /* Assets.xcassets in Resources */,
				81EC2EB21EADF0E700FEA837 /* Main.storyboard in Resources */,
			);
			runOnlyForDeploymentPostprocessing = 0;
		};
		81EC2EBB1EADF0E700FEA837 /* Resources */ = {
			isa = PBXResourcesBuildPhase;
			buildActionMask = 2147483647;
			files = (
			);
			runOnlyForDeploymentPostprocessing = 0;
		};
		81EC2EC61EADF0E700FEA837 /* Resources */ = {
			isa = PBXResourcesBuildPhase;
			buildActionMask = 2147483647;
			files = (
			);
			runOnlyForDeploymentPostprocessing = 0;
		};
/* End PBXResourcesBuildPhase section */

/* Begin PBXSourcesBuildPhase section */
		81EC2EA01EADF0E600FEA837 /* Sources */ = {
			isa = PBXSourcesBuildPhase;
			buildActionMask = 2147483647;
			files = (
				81EC2EAF1EADF0E600FEA837 /* ViewController.m in Sources */,
				81EC2EDF1EADF8D700FEA837 /* SFJPhotoTool.m in Sources */,
				81EC2EAC1EADF0E600FEA837 /* AppDelegate.m in Sources */,
				81EC2EA91EADF0E600FEA837 /* main.m in Sources */,
			);
			runOnlyForDeploymentPostprocessing = 0;
		};
		81EC2EB91EADF0E700FEA837 /* Sources */ = {
			isa = PBXSourcesBuildPhase;
			buildActionMask = 2147483647;
			files = (
				81EC2EC21EADF0E700FEA837 /* SFJFastChosePhotoDemoTests.m in Sources */,
			);
			runOnlyForDeploymentPostprocessing = 0;
		};
		81EC2EC41EADF0E700FEA837 /* Sources */ = {
			isa = PBXSourcesBuildPhase;
			buildActionMask = 2147483647;
			files = (
				81EC2ECD1EADF0E700FEA837 /* SFJFastChosePhotoDemoUITests.m in Sources */,
			);
			runOnlyForDeploymentPostprocessing = 0;
		};
/* End PBXSourcesBuildPhase section */

/* Begin PBXTargetDependency section */
		81EC2EBF1EADF0E700FEA837 /* PBXTargetDependency */ = {
			isa = PBXTargetDependency;
			target = 81EC2EA31EADF0E600FEA837 /* SFJFastChosePhotoDemo */;
			targetProxy = 81EC2EBE1EADF0E700FEA837 /* PBXContainerItemProxy */;
		};
		81EC2ECA1EADF0E700FEA837 /* PBXTargetDependency */ = {
			isa = PBXTargetDependency;
			target = 81EC2EA31EADF0E600FEA837 /* SFJFastChosePhotoDemo */;
			targetProxy = 81EC2EC91EADF0E700FEA837 /* PBXContainerItemProxy */;
		};
/* End PBXTargetDependency section */

/* Begin PBXVariantGroup section */
		81EC2EB01EADF0E700FEA837 /* Main.storyboard */ = {
			isa = PBXVariantGroup;
			children = (
				81EC2EB11EADF0E700FEA837 /* Base */,
			);
			name = Main.storyboard;
			sourceTree = "<group>";
		};
		81EC2EB51EADF0E700FEA837 /* LaunchScreen.storyboard */ = {
			isa = PBXVariantGroup;
			children = (
				81EC2EB61EADF0E700FEA837 /* Base */,
			);
			name = LaunchScreen.storyboard;
			sourceTree = "<group>";
		};
/* End PBXVariantGroup section */

/* Begin XCBuildConfiguration section */
		81EC2ECF1EADF0E700FEA837 /* Debug */ = {
			isa = XCBuildConfiguration;
			buildSettings = {
				ALWAYS_SEARCH_USER_PATHS = NO;
				CLANG_ANALYZER_NONNULL = YES;
				CLANG_ANALYZER_NUMBER_OBJECT_CONVERSION = YES_AGGRESSIVE;
				CLANG_CXX_LANGUAGE_STANDARD = "gnu++0x";
				CLANG_CXX_LIBRARY = "libc++";
				CLANG_ENABLE_MODULES = YES;
				CLANG_ENABLE_OBJC_ARC = YES;
				CLANG_WARN_BOOL_CONVERSION = YES;
				CLANG_WARN_CONSTANT_CONVERSION = YES;
				CLANG_WARN_DIRECT_OBJC_ISA_USAGE = YES_ERROR;
				CLANG_WARN_DOCUMENTATION_COMMENTS = YES;
				CLANG_WARN_EMPTY_BODY = YES;
				CLANG_WARN_ENUM_CONVERSION = YES;
				CLANG_WARN_INFINITE_RECURSION = YES;
				CLANG_WARN_INT_CONVERSION = YES;
				CLANG_WARN_OBJC_ROOT_CLASS = YES_ERROR;
				CLANG_WARN_SUSPICIOUS_MOVE = YES;
				CLANG_WARN_UNREACHABLE_CODE = YES;
				CLANG_WARN__DUPLICATE_METHOD_MATCH = YES;
				"CODE_SIGN_IDENTITY[sdk=iphoneos*]" = "iPhone Developer";
				COPY_PHASE_STRIP = NO;
				DEBUG_INFORMATION_FORMAT = dwarf;
				ENABLE_STRICT_OBJC_MSGSEND = YES;
				ENABLE_TESTABILITY = YES;
				GCC_C_LANGUAGE_STANDARD = gnu99;
				GCC_DYNAMIC_NO_PIC = NO;
				GCC_NO_COMMON_BLOCKS = YES;
				GCC_OPTIMIZATION_LEVEL = 0;
				GCC_PREPROCESSOR_DEFINITIONS = (
					"DEBUG=1",
					"$(inherited)",
				);
				GCC_WARN_64_TO_32_BIT_CONVERSION = YES;
				GCC_WARN_ABOUT_RETURN_TYPE = YES_ERROR;
				GCC_WARN_UNDECLARED_SELECTOR = YES;
				GCC_WARN_UNINITIALIZED_AUTOS = YES_AGGRESSIVE;
				GCC_WARN_UNUSED_FUNCTION = YES;
				GCC_WARN_UNUSED_VARIABLE = YES;
				IPHONEOS_DEPLOYMENT_TARGET = 10.3;
				MTL_ENABLE_DEBUG_INFO = YES;
				ONLY_ACTIVE_ARCH = YES;
				SDKROOT = iphoneos;
				TARGETED_DEVICE_FAMILY = "1,2";
			};
			name = Debug;
		};
		81EC2ED01EADF0E700FEA837 /* Release */ = {
			isa = XCBuildConfiguration;
			buildSettings = {
				ALWAYS_SEARCH_USER_PATHS = NO;
				CLANG_ANALYZER_NONNULL = YES;
				CLANG_ANALYZER_NUMBER_OBJECT_CONVERSION = YES_AGGRESSIVE;
				CLANG_CXX_LANGUAGE_STANDARD = "gnu++0x";
				CLANG_CXX_LIBRARY = "libc++";
				CLANG_ENABLE_MODULES = YES;
				CLANG_ENABLE_OBJC_ARC = YES;
				CLANG_WARN_BOOL_CONVERSION = YES;
				CLANG_WARN_CONSTANT_CONVERSION = YES;
				CLANG_WARN_DIRECT_OBJC_ISA_USAGE = YES_ERROR;
				CLANG_WARN_DOCUMENTATION_COMMENTS = YES;
				CLANG_WARN_EMPTY_BODY = YES;
				CLANG_WARN_ENUM_CONVERSION = YES;
				CLANG_WARN_INFINITE_RECURSION = YES;
				CLANG_WARN_INT_CONVERSION = YES;
				CLANG_WARN_OBJC_ROOT_CLASS = YES_ERROR;
				CLANG_WARN_SUSPICIOUS_MOVE = YES;
				CLANG_WARN_UNREACHABLE_CODE = YES;
				CLANG_WARN__DUPLICATE_METHOD_MATCH = YES;
				"CODE_SIGN_IDENTITY[sdk=iphoneos*]" = "iPhone Developer";
				COPY_PHASE_STRIP = NO;
				DEBUG_INFORMATION_FORMAT = "dwarf-with-dsym";
				ENABLE_NS_ASSERTIONS = NO;
				ENABLE_STRICT_OBJC_MSGSEND = YES;
				GCC_C_LANGUAGE_STANDARD = gnu99;
				GCC_NO_COMMON_BLOCKS = YES;
				GCC_WARN_64_TO_32_BIT_CONVERSION = YES;
				GCC_WARN_ABOUT_RETURN_TYPE = YES_ERROR;
				GCC_WARN_UNDECLARED_SELECTOR = YES;
				GCC_WARN_UNINITIALIZED_AUTOS = YES_AGGRESSIVE;
				GCC_WARN_UNUSED_FUNCTION = YES;
				GCC_WARN_UNUSED_VARIABLE = YES;
				IPHONEOS_DEPLOYMENT_TARGET = 10.3;
				MTL_ENABLE_DEBUG_INFO = NO;
				SDKROOT = iphoneos;
				TARGETED_DEVICE_FAMILY = "1,2";
				VALIDATE_PRODUCT = YES;
			};
			name = Release;
		};
		81EC2ED21EADF0E700FEA837 /* Debug */ = {
			isa = XCBuildConfiguration;
			buildSettings = {
				ASSETCATALOG_COMPILER_APPICON_NAME = AppIcon;
				DEVELOPMENT_TEAM = Q2Z69VY84R;
				INFOPLIST_FILE = SFJFastChosePhotoDemo/Info.plist;
				LD_RUNPATH_SEARCH_PATHS = "$(inherited) @executable_path/Frameworks";
				PRODUCT_BUNDLE_IDENTIFIER = com.shafujiu.SFJFastChosePhotoDemo;
				PRODUCT_NAME = "$(TARGET_NAME)";
			};
			name = Debug;
		};
		81EC2ED31EADF0E700FEA837 /* Release */ = {
			isa = XCBuildConfiguration;
			buildSettings = {
				ASSETCATALOG_COMPILER_APPICON_NAME = AppIcon;
				DEVELOPMENT_TEAM = Q2Z69VY84R;
				INFOPLIST_FILE = SFJFastChosePhotoDemo/Info.plist;
				LD_RUNPATH_SEARCH_PATHS = "$(inherited) @executable_path/Frameworks";
				PRODUCT_BUNDLE_IDENTIFIER = com.shafujiu.SFJFastChosePhotoDemo;
				PRODUCT_NAME = "$(TARGET_NAME)";
			};
			name = Release;
		};
		81EC2ED51EADF0E700FEA837 /* Debug */ = {
			isa = XCBuildConfiguration;
			buildSettings = {
				BUNDLE_LOADER = "$(TEST_HOST)";
				DEVELOPMENT_TEAM = 84NY46NBXF;
				INFOPLIST_FILE = SFJFastChosePhotoDemoTests/Info.plist;
				LD_RUNPATH_SEARCH_PATHS = "$(inherited) @executable_path/Frameworks @loader_path/Frameworks";
				PRODUCT_BUNDLE_IDENTIFIER = com.shafujiu.SFJFastChosePhotoDemoTests;
				PRODUCT_NAME = "$(TARGET_NAME)";
				TEST_HOST = "$(BUILT_PRODUCTS_DIR)/SFJFastChosePhotoDemo.app/SFJFastChosePhotoDemo";
			};
			name = Debug;
		};
		81EC2ED61EADF0E700FEA837 /* Release */ = {
			isa = XCBuildConfiguration;
			buildSettings = {
				BUNDLE_LOADER = "$(TEST_HOST)";
				DEVELOPMENT_TEAM = 84NY46NBXF;
				INFOPLIST_FILE = SFJFastChosePhotoDemoTests/Info.plist;
				LD_RUNPATH_SEARCH_PATHS = "$(inherited) @executable_path/Frameworks @loader_path/Frameworks";
				PRODUCT_BUNDLE_IDENTIFIER = com.shafujiu.SFJFastChosePhotoDemoTests;
				PRODUCT_NAME = "$(TARGET_NAME)";
				TEST_HOST = "$(BUILT_PRODUCTS_DIR)/SFJFastChosePhotoDemo.app/SFJFastChosePhotoDemo";
			};
			name = Release;
		};
		81EC2ED81EADF0E700FEA837 /* Debug */ = {
			isa = XCBuildConfiguration;
			buildSettings = {
				DEVELOPMENT_TEAM = 84NY46NBXF;
				INFOPLIST_FILE = SFJFastChosePhotoDemoUITests/Info.plist;
				LD_RUNPATH_SEARCH_PATHS = "$(inherited) @executable_path/Frameworks @loader_path/Frameworks";
				PRODUCT_BUNDLE_IDENTIFIER = com.shafujiu.SFJFastChosePhotoDemoUITests;
				PRODUCT_NAME = "$(TARGET_NAME)";
				TEST_TARGET_NAME = SFJFastChosePhotoDemo;
			};
			name = Debug;
		};
		81EC2ED91EADF0E700FEA837 /* Release */ = {
			isa = XCBuildConfiguration;
			buildSettings = {
				DEVELOPMENT_TEAM = 84NY46NBXF;
				INFOPLIST_FILE = SFJFastChosePhotoDemoUITests/Info.plist;
				LD_RUNPATH_SEARCH_PATHS = "$(inherited) @executable_path/Frameworks @loader_path/Frameworks";
				PRODUCT_BUNDLE_IDENTIFIER = com.shafujiu.SFJFastChosePhotoDemoUITests;
				PRODUCT_NAME = "$(TARGET_NAME)";
				TEST_TARGET_NAME = SFJFastChosePhotoDemo;
			};
			name = Release;
		};
/* End XCBuildConfiguration section */

/* Begin XCConfigurationList section */
		81EC2E9F1EADF0E600FEA837 /* Build configuration list for PBXProject "SFJFastChosePhotoDemo" */ = {
			isa = XCConfigurationList;
			buildConfigurations = (
				81EC2ECF1EADF0E700FEA837 /* Debug */,
				81EC2ED01EADF0E700FEA837 /* Release */,
			);
			defaultConfigurationIsVisible = 0;
			defaultConfigurationName = Release;
		};
		81EC2ED11EADF0E700FEA837 /* Build configuration list for PBXNativeTarget "SFJFastChosePhotoDemo" */ = {
			isa = XCConfigurationList;
			buildConfigurations = (
				81EC2ED21EADF0E700FEA837 /* Debug */,
				81EC2ED31EADF0E700FEA837 /* Release */,
			);
			defaultConfigurationIsVisible = 0;
		};
		81EC2ED41EADF0E700FEA837 /* Build configuration list for PBXNativeTarget "SFJFastChosePhotoDemoTests" */ = {
			isa = XCConfigurationList;
			buildConfigurations = (
				81EC2ED51EADF0E700FEA837 /* Debug */,
				81EC2ED61EADF0E700FEA837 /* Release */,
			);
			defaultConfigurationIsVisible = 0;
		};
		81EC2ED71EADF0E700FEA837 /* Build configuration list for PBXNativeTarget "SFJFastChosePhotoDemoUITests" */ = {
			isa = XCConfigurationList;
			buildConfigurations = (
				81EC2ED81EADF0E700FEA837 /* Debug */,
				81EC2ED91EADF0E700FEA837 /* Release */,
			);
			defaultConfigurationIsVisible = 0;
		};
/* End XCConfigurationList section */
	};
	rootObject = 81EC2E9C1EADF0E600FEA837 /* Project object */;
}
